
Microsoft Visual Studio Solution File, Format Version 12.00
# Visual Studio 15
Project("{FAE04EC0-301F-11D3-BF4B-00C04F79EFBC}") = "Assembly-CSharp", "Assembly-CSharp.csproj", "{715EDAA4-A632-93E3-40EA-429D82FCF7B9}"
EndProject
Project("{FAE04EC0-301F-11D3-BF4B-00C04F79EFBC}") = "Assembly-CSharp-Editor", "Assembly-CSharp-Editor.csproj", "{1ADA609B-C380-6AD6-4C9D-1F7896E0682D}"
EndProject
Global
	GlobalSection(SolutionConfigurationPlatforms) = preSolution
		Debug|Any CPU = Debug|Any CPU
		Release|Any CPU = Release|Any CPU
	EndGlobalSection
	GlobalSection(ProjectConfigurationPlatforms) = postSolution
		{715EDAA4-A632-93E3-40EA-429D82FCF7B9}.Debug|Any CPU.ActiveCfg = Debug|Any CPU
		{715EDAA4-A632-93E3-40EA-429D82FCF7B9}.Debug|Any CPU.Build.0 = Debug|Any CPU
		{715EDAA4-A632-93E3-40EA-429D82FCF7B9}.Release|Any CPU.ActiveCfg = Release|Any CPU
		{715EDAA4-A632-93E3-40EA-429D82FCF7B9}.Release|Any CPU.Build.0 = Release|Any CPU
		{1ADA609B-C380-6AD6-4C9D-1F7896E0682D}.Debug|Any CPU.ActiveCfg = Debug|Any CPU
		{1ADA609B-C380-6AD6-4C9D-1F7896E0682D}.Debug|Any CPU.Build.0 = Debug|Any CPU
		{1ADA609B-C380-6AD6-4C9D-1F7896E0682D}.Release|Any CPU.ActiveCfg = Release|Any CPU
		{1ADA609B-C380-6AD6-4C9D-1F7896E0682D}.Release|Any CPU.Build.0 = Release|Any CPU
	EndGlobalSection
	GlobalSection(SolutionProperties) = preSolution
		HideSolutionNode = FALSE
	EndGlobalSection
EndGlobal
